
Microsoft Visual Studio Solution File, Format Version 12.00
# Visual Studio Version 17
VisualStudioVersion = 17.8.34408.163
MinimumVisualStudioVersion = 10.0.40219.1
Project("{FAE04EC0-301F-11D3-BF4B-00C04F79EFBC}") = "Пр7", "Пр7\Пр7.csproj", "{1B7E96CE-58F5-4F69-B1D2-B9F7A1830E44}"
EndProject
Project("{FAE04EC0-301F-11D3-BF4B-00C04F79EFBC}") = "WpfLibrary1", "WpfLibrary1\WpfLibrary1.csproj", "{23772E13-D9A1-4F56-B0E4-314851932328}"
EndProject
Global
	GlobalSection(SolutionConfigurationPlatforms) = preSolution
		Debug|Any CPU = Debug|Any CPU
		Release|Any CPU = Release|Any CPU
	EndGlobalSection
	GlobalSection(ProjectConfigurationPlatforms) = postSolution
		{1B7E96CE-58F5-4F69-B1D2-B9F7A1830E44}.Debug|Any CPU.ActiveCfg = Debug|Any CPU
		{1B7E96CE-58F5-4F69-B1D2-B9F7A1830E44}.Debug|Any CPU.Build.0 = Debug|Any CPU
		{1B7E96CE-58F5-4F69-B1D2-B9F7A1830E44}.Release|Any CPU.ActiveCfg = Release|Any CPU
		{1B7E96CE-58F5-4F69-B1D2-B9F7A1830E44}.Release|Any CPU.Build.0 = Release|Any CPU
		{23772E13-D9A1-4F56-B0E4-314851932328}.Debug|Any CPU.ActiveCfg = Debug|Any CPU
		{23772E13-D9A1-4F56-B0E4-314851932328}.Debug|Any CPU.Build.0 = Debug|Any CPU
		{23772E13-D9A1-4F56-B0E4-314851932328}.Release|Any CPU.ActiveCfg = Release|Any CPU
		{23772E13-D9A1-4F56-B0E4-314851932328}.Release|Any CPU.Build.0 = Release|Any CPU
	EndGlobalSection
	GlobalSection(SolutionProperties) = preSolution
		HideSolutionNode = FALSE
	EndGlobalSection
	GlobalSection(ExtensibilityGlobals) = postSolution
		SolutionGuid = {BC08A20D-930B-4783-B85E-0EB1542DCF88}
	EndGlobalSection
EndGlobal
